
Microsoft Visual Studio Solution File, Format Version 12.00
# Visual Studio Version 16
VisualStudioVersion = 16.0.30621.155
MinimumVisualStudioVersion = 10.0.40219.1
Project("{FAE04EC0-301F-11D3-BF4B-00C04F79EFBC}") = "ScreenSaver", "ScreenSaver\ScreenSaver.csproj", "{293C31A8-DB72-4296-9669-879A82D5A157}"
EndProject
Global
	GlobalSection(SolutionConfigurationPlatforms) = preSolution
		Debug|Any CPU = Debug|Any CPU
		Release|Any CPU = Release|Any CPU
	EndGlobalSection
	GlobalSection(ProjectConfigurationPlatforms) = postSolution
		{293C31A8-DB72-4296-9669-879A82D5A157}.Debug|Any CPU.ActiveCfg = Debug|Any CPU
		{293C31A8-DB72-4296-9669-879A82D5A157}.Debug|Any CPU.Build.0 = Debug|Any CPU
		{293C31A8-DB72-4296-9669-879A82D5A157}.Release|Any CPU.ActiveCfg = Release|Any CPU
		{293C31A8-DB72-4296-9669-879A82D5A157}.Release|Any CPU.Build.0 = Release|Any CPU
	EndGlobalSection
	GlobalSection(SolutionProperties) = preSolution
		HideSolutionNode = FALSE
	EndGlobalSection
	GlobalSection(ExtensibilityGlobals) = postSolution
		SolutionGuid = {5BD43BFF-5CC7-4B6E-9F90-03FA040C521B}
	EndGlobalSection
EndGlobal
